<?xml version="1.0" encoding="utf-8"?>
<Project ToolsVersion="4.0" xmlns="http://microsoft.com">
  <ItemGroup>
    <Filter Include="Source Files">
      <UniqueIdentifier>{4FC737F1-C7A5-4376-A066-2A32D752A2FF}</UniqueIdentifier>
    </Filter>
    <Filter Include="Header Files">
      <UniqueIdentifier>{93995380-89BD-4b04-88EB-625FBE52EBFB}</UniqueIdentifier>
    </Filter>
    <Filter Include="Assembly Files">
      <UniqueIdentifier>{67DA6AB6-F800-4c08-8B7A-83BB121AAD01}</UniqueIdentifier>
    </Filter>
  </ItemGroup>
  <ItemGroup>
    <ClCompile Include="dllmain.cpp"><Filter>Source Files</Filter></ClCompile>
    <ClCompile Include="scanner.cpp"><Filter>Source Files</Filter></ClCompile>
    <ClCompile Include="pipe.cpp"><Filter>Source Files</Filter></ClCompile>
    <ClCompile Include="bridge.cpp"><Filter>Source Files</Filter></ClCompile>
  </ItemGroup>
  <ItemGroup>
    <ClInclude Include="scanner.h"><Filter>Header Files</Filter></ClInclude>
    <ClInclude Include="pipe.h"><Filter>Header Files</Filter></ClInclude>
    <ClInclude Include="bridge.h"><Filter>Header Files</Filter></ClInclude>
  </ItemGroup>
  <ItemGroup>
    <MASM Include="syscalls.asm">
      <Filter>Assembly Files</Filter>
    </MASM>
  </ItemGroup>
</Project>
